
Microsoft Visual Studio Solution File, Format Version 12.00
# Visual Studio Version 16
VisualStudioVersion = 16.0.30413.136
MinimumVisualStudioVersion = 10.0.40219.1
Project("{FAE04EC0-301F-11D3-BF4B-00C04F79EFBC}") = "AIM.ElevatorControl.API", "AIM.ElevatorControl.API\AIM.ElevatorControl.API.csproj", "{2EF6AB82-8F0F-4E4B-96A1-86C8744C4CD9}"
EndProject
Project("{FAE04EC0-301F-11D3-BF4B-00C04F79EFBC}") = "AIM.ElevatorControl.Tests", "AIM.ElevatorControl.Tests\AIM.ElevatorControl.Tests.csproj", "{9B664B69-C835-453B-832B-39157B190EF8}"
EndProject
Global
	GlobalSection(SolutionConfigurationPlatforms) = preSolution
		Debug|Any CPU = Debug|Any CPU
		Release|Any CPU = Release|Any CPU
	EndGlobalSection
	GlobalSection(ProjectConfigurationPlatforms) = postSolution
		{2EF6AB82-8F0F-4E4B-96A1-86C8744C4CD9}.Debug|Any CPU.ActiveCfg = Debug|Any CPU
		{2EF6AB82-8F0F-4E4B-96A1-86C8744C4CD9}.Debug|Any CPU.Build.0 = Debug|Any CPU
		{2EF6AB82-8F0F-4E4B-96A1-86C8744C4CD9}.Release|Any CPU.ActiveCfg = Release|Any CPU
		{2EF6AB82-8F0F-4E4B-96A1-86C8744C4CD9}.Release|Any CPU.Build.0 = Release|Any CPU
		{9B664B69-C835-453B-832B-39157B190EF8}.Debug|Any CPU.ActiveCfg = Debug|Any CPU
		{9B664B69-C835-453B-832B-39157B190EF8}.Debug|Any CPU.Build.0 = Debug|Any CPU
		{9B664B69-C835-453B-832B-39157B190EF8}.Release|Any CPU.ActiveCfg = Release|Any CPU
		{9B664B69-C835-453B-832B-39157B190EF8}.Release|Any CPU.Build.0 = Release|Any CPU
	EndGlobalSection
	GlobalSection(SolutionProperties) = preSolution
		HideSolutionNode = FALSE
	EndGlobalSection
	GlobalSection(ExtensibilityGlobals) = postSolution
		SolutionGuid = {6757FDD2-AB64-47EA-9B02-3424C7A8C178}
	EndGlobalSection
EndGlobal
